{
  "name": "new-folder",
  "version": "1.0.0",
  "lockfileVersion": 3,
  "requires": true,
  "packages": {
    "": {
      "name": "new-folder",
      "version": "1.0.0",
      "license": "ISC",
      "dependencies": {
        "adiff": "^0.2.13",
        "ap": "^0.1.0",
        "body": "^0.1.0",
        "browser-fingerprint": "^0.0.1",
        "browser-split": "^0.0.1",
        "camelize": "^1.0.1",
        "content-types": "^0.1.0",
        "core-js": "^1.2.7",
        "cuid": "^1.3.8",
        "dom-delegator": "^13.1.0",
        "dom-walk": "^0.1.2",
        "error": "^5.2.0",
        "ev-store": "^7.0.0",
        "fast-glob": "^3.3.3",
        "form-data-set": "^2.0.0",
        "geval": "^2.2.0",
        "global": "^4.4.0",
        "http-hash": "^1.1.1",
        "http-hash-router": "^1.1.2",
        "http-methods": "^1.1.0",
        "individual": "^2.0.0",
        "inherits": "^2.0.4",
        "is-error": "^2.2.2",
        "is-object": "^1.0.2",
        "iterators": "^0.1.0",
        "lua-format": "^1.5.3c",
        "luaparse": "^0.3.1",
        "luon": "^1.2.11",
        "lustils": "^1.0.3",
        "main-loop": "^3.4.0",
        "mercury": "^14.2.0",
        "min-document": "^2.19.0",
        "next-tick": "^0.2.2",
        "node-fingerprint": "^0.0.2",
        "observ": "^0.2.0",
        "observ-array": "^3.2.1",
        "observ-struct": "^5.0.1",
        "observ-varhash": "^1.0.8",
        "performance-now": "^0.1.4",
        "process": "^0.11.10",
        "raf": "^2.0.4",
        "string-template": "^0.2.1",
        "value-event": "^5.1.1",
        "vdom-thunk": "^3.0.0",
        "virtual-dom": "^2.1.1",
        "weakmap-shim": "^1.1.1",
        "x-is-array": "^0.1.0",
        "x-is-string": "^0.1.0",
        "xtend": "^4.0.2",
        "zod": "^4.1.12"
      }
    },
    "node_modules/@nodelib/fs.scandir": {
      "version": "2.1.5",
      "resolved": "https://registry.npmjs.org/@nodelib/fs.scandir/-/fs.scandir-2.1.5.tgz",
      "integrity": "sha512-vq24Bq3ym5HEQm2NKCr3yXDwjc7vTsEThRDnkp2DK9p1uqLR+DHurm/NOTo0KG7HYHU7eppKZj3MyqYuMBf62g==",
      "license": "MIT",
      "dependencies": {
        "@nodelib/fs.stat": "2.0.5",
        "run-parallel": "^1.1.9"
      },
      "engines": {
        "node": ">= 8"
      }
    },
    "node_modules/@nodelib/fs.stat": {
      "version": "2.0.5",
      "resolved": "https://registry.npmjs.org/@nodelib/fs.stat/-/fs.stat-2.0.5.tgz",
      "integrity": "sha512-RkhPPp2zrqDAQA/2jNhnztcPAlv64XdhIp7a7454A5ovI7Bukxgt7MX7udwAu3zg1DcpPU0rz3VV1SeaqvY4+A==",
      "license": "MIT",
      "engines": {
        "node": ">= 8"
      }
    },
    "node_modules/@nodelib/fs.walk": {
      "version": "1.2.8",
      "resolved": "https://registry.npmjs.org/@nodelib/fs.walk/-/fs.walk-1.2.8.tgz",
      "integrity": "sha512-oGB+UxlgWcgQkgwo8GcEGwemoTFt3FIO9ababBmaGwXIoBKZ+GTy0pP185beGg7Llih/NSHSV2XAs1lnznocSg==",
      "license": "MIT",
      "dependencies": {
        "@nodelib/fs.scandir": "2.1.5",
        "fastq": "^1.6.0"
      },
      "engines": {
        "node": ">= 8"
      }
    },
    "node_modules/adiff": {
      "version": "0.2.13",
      "resolved": "https://registry.npmjs.org/adiff/-/adiff-0.2.13.tgz",
      "integrity": "sha512-EeKiARTSOy/Tah9RXE83g/PmW1gLQdRKTYiX6c1+OWjzWaJPqbECKvSVB1kejSPQSYJJah0JhuTUsU3CerEH6Q=="
    },
    "node_modules/ap": {
      "version": "0.1.0",
      "resolved": "https://registry.npmjs.org/ap/-/ap-0.1.0.tgz",
      "integrity": "sha512-iNF0PHuPu0RokHSicNS46wSj3bg3inzbDVaoFVZ+T0C+RvSu1bqg+OilF8Sr8S6j9mURv3Xx7BnT3bbF5fgytw==",
      "license": "MIT/X11"
    },
    "node_modules/body": {
      "version": "0.1.0",
      "resolved": "https://registry.npmjs.org/body/-/body-0.1.0.tgz",
      "integrity": "sha512-aLm4/sBfk64P9psNjei/UfApreQwRT95KVNLCO2xSdDiLVoLfbN+sej1AqXF/Dr+2lcZTiiE3kqrhkqmIViYRw==",
      "dependencies": {
        "content-types": "~0.1.0"
      }
    },
    "node_modules/braces": {
      "version": "3.0.3",
      "resolved": "https://registry.npmjs.org/braces/-/braces-3.0.3.tgz",
      "integrity": "sha512-yQbXgO/OSZVD2IsiLlro+7Hf6Q18EJrKSEsdoMzKePKXct3gvD8oLcOQdIzGupr5Fj+EDe8gO/lxc1BzfMpxvA==",
      "license": "MIT",
      "dependencies": {
        "fill-range": "^7.1.1"
      },
      "engines": {
        "node": ">=8"
      }
    },
    "node_modules/browser-fingerprint": {
      "version": "0.0.1",
      "resolved": "https://registry.npmjs.org/browser-fingerprint/-/browser-fingerprint-0.0.1.tgz",
      "integrity": "sha512-b8SXP7yOlzLUJXF8WUvIjmbJzkJC0X6OHe7J9a/SHqEBC7a9Eglag6AANSTJz82h5U582kuxm/5TPudnD68EPA==",
      "license": "MIT"
    },
    "node_modules/browser-split": {
      "version": "0.0.1",
      "resolved": "https://registry.npmjs.org/browser-split/-/browser-split-0.0.1.tgz",
      "integrity": "sha512-JhvgRb2ihQhsljNda3BI8/UcRHVzrVwo3Q+P8vDtSiyobXuFpuZ9mq+MbRGMnC22CjW3RrfXdg6j6ITX8M+7Ow==",
      "license": "MIT"
    },
    "node_modules/camelize": {
      "version": "1.0.1",
      "resolved": "https://registry.npmjs.org/camelize/-/camelize-1.0.1.tgz",
      "integrity": "sha512-dU+Tx2fsypxTgtLoE36npi3UqcjSSMNYfkqgmoEhtZrraP5VWq0K7FkWVTYa8eMPtnU/G2txVsfdCJTn9uzpuQ==",
      "license": "MIT",
      "funding": {
        "url": "https://github.com/sponsors/ljharb"
      }
    },
    "node_modules/content-types": {
      "version": "0.1.0",
      "resolved": "https://registry.npmjs.org/content-types/-/content-types-0.1.0.tgz",
      "integrity": "sha512-NjSa51IXsG8IUG14sq/GJ+76GT3RFXxwaL/gOQf4pbc5NWN6FRpt0Tse6E6nVe/WC4Vx+Kye/dnPW7lQ/+gHRA==",
      "dependencies": {
        "iterators": "~0.1.0"
      }
    },
    "node_modules/core-js": {
      "version": "1.2.7",
      "resolved": "https://registry.npmjs.org/core-js/-/core-js-1.2.7.tgz",
      "integrity": "sha512-ZiPp9pZlgxpWRu0M+YWbm6+aQ84XEfH1JRXvfOc/fILWI0VKhLC2LX13X1NYq4fULzLMq7Hfh43CSo2/aIaUPA==",
      "deprecated": "core-js@<3.23.3 is no longer maintained and not recommended for usage due to the number of issues. Because of the V8 engine whims, feature detection in old core-js versions could cause a slowdown up to 100x even if nothing is polyfilled. Some versions have web compatibility issues. Please, upgrade your dependencies to the actual version of core-js.",
      "license": "MIT"
    },
    "node_modules/cuid": {
      "version": "1.3.8",
      "resolved": "https://registry.npmjs.org/cuid/-/cuid-1.3.8.tgz",
      "integrity": "sha512-MoL67ZZuBetDMxzrZtO+Iq1ATajFACQCP52QRinBgd3yTjYdv54mJO8ibUrh06fojKCoX5P2i7KkEatm4VTIOQ==",
      "deprecated": "Cuid and other k-sortable and non-cryptographic ids (Ulid, ObjectId, KSUID, all UUIDs) are all insecure. Use @paralleldrive/cuid2 instead.",
      "license": "MIT",
      "dependencies": {
        "browser-fingerprint": "0.0.1",
        "core-js": "^1.1.1",
        "node-fingerprint": "0.0.2"
      }
    },
    "node_modules/dom-delegator": {
      "version": "13.1.0",
      "resolved": "https://registry.npmjs.org/dom-delegator/-/dom-delegator-13.1.0.tgz",
      "integrity": "sha512-CDbfzyOJVd08Bl5PMOtX/Fn6T0oCtm5HQ/c/4KDkoR68ZId85CAMV4HytT7Og3He84/4KSGDTVbN9OwBPJ9H9g==",
      "dependencies": {
        "cuid": "^1.2.4",
        "ev-store": "^7.0.0",
        "global": "^4.2.1",
        "individual": "^2.0.0",
        "inherits": "^2.0.1",
        "weakmap-shim": "^1.0.0",
        "xtend": "^2.2.0"
      }
    },
    "node_modules/dom-delegator/node_modules/xtend": {
      "version": "2.2.0",
      "resolved": "https://registry.npmjs.org/xtend/-/xtend-2.2.0.tgz",
      "integrity": "sha512-SLt5uylT+4aoXxXuwtQp5ZnMMzhDb1Xkg4pEqc00WUJCQifPfV9Ub1VrNhp9kXkrjZD2I2Hl8WnjP37jzZLPZw==",
      "engines": {
        "node": ">=0.4"
      }
    },
    "node_modules/dom-walk": {
      "version": "0.1.2",
      "resolved": "https://registry.npmjs.org/dom-walk/-/dom-walk-0.1.2.tgz",
      "integrity": "sha512-6QvTW9mrGeIegrFXdtQi9pk7O/nSK6lSdXW2eqUspN5LWD7UTji2Fqw5V2YLjBpHEoU9Xl/eUWNpDeZvoyOv2w=="
    },
    "node_modules/error": {
      "version": "5.2.0",
      "resolved": "https://registry.npmjs.org/error/-/error-5.2.0.tgz",
      "integrity": "sha512-+df09oeeA8U/kq8ZkWZCKQzDLFPlIlHOcBZEcbwmxDpyAgHJJtp+uG2PFdFMPCwrTaHO4UMRsgxkzdTOiUEkTQ==",
      "dependencies": {
        "camelize": "^1.0.0",
        "is-error": "^2.0.0",
        "string-template": "~0.2.0",
        "xtend": "~4.0.0"
      }
    },
    "node_modules/ev-store": {
      "version": "7.0.0",
      "resolved": "https://registry.npmjs.org/ev-store/-/ev-store-7.0.0.tgz",
      "integrity": "sha512-otazchNRnGzp2YarBJ+GXKVGvhxVATB1zmaStxJBYet0Dyq7A9VhH8IUEB/gRcL6Ch52lfpgPTRJ2m49epyMsQ==",
      "dependencies": {
        "individual": "^3.0.0"
      }
    },
    "node_modules/ev-store/node_modules/individual": {
      "version": "3.0.0",
      "resolved": "https://registry.npmjs.org/individual/-/individual-3.0.0.tgz",
      "integrity": "sha512-rUY5vtT748NMRbEMrTNiFfy29BgGZwGXUi2NFUVMWQrogSLzlJvQV9eeMWi+g1aVaQ53tpyLAQtd5x/JH0Nh1g=="
    },
    "node_modules/fast-glob": {
      "version": "3.3.3",
      "resolved": "https://registry.npmjs.org/fast-glob/-/fast-glob-3.3.3.tgz",
      "integrity": "sha512-7MptL8U0cqcFdzIzwOTHoilX9x5BrNqye7Z/LuC7kCMRio1EMSyqRK3BEAUD7sXRq4iT4AzTVuZdhgQ2TCvYLg==",
      "license": "MIT",
      "dependencies": {
        "@nodelib/fs.stat": "^2.0.2",
        "@nodelib/fs.walk": "^1.2.3",
        "glob-parent": "^5.1.2",
        "merge2": "^1.3.0",
        "micromatch": "^4.0.8"
      },
      "engines": {
        "node": ">=8.6.0"
      }
    },
    "node_modules/fastq": {
      "version": "1.19.1",
      "resolved": "https://registry.npmjs.org/fastq/-/fastq-1.19.1.tgz",
      "integrity": "sha512-GwLTyxkCXjXbxqIhTsMI2Nui8huMPtnxg7krajPJAjnEG/iiOS7i+zCtWGZR9G0NBKbXKh6X9m9UIsYX/N6vvQ==",
      "license": "ISC",
      "dependencies": {
        "reusify": "^1.0.4"
      }
    },
    "node_modules/fill-range": {
      "version": "7.1.1",
      "resolved": "https://registry.npmjs.org/fill-range/-/fill-range-7.1.1.tgz",
      "integrity": "sha512-YsGpe3WHLK8ZYi4tWDg2Jy3ebRz2rXowDxnld4bkQB00cc/1Zw9AWnC0i9ztDJitivtQvaI9KaLyKrc+hBW0yg==",
      "license": "MIT",
      "dependencies": {
        "to-regex-range": "^5.0.1"
      },
      "engines": {
        "node": ">=8"
      }
    },
    "node_modules/form-data-set": {
      "version": "2.0.0",
      "resolved": "https://registry.npmjs.org/form-data-set/-/form-data-set-2.0.0.tgz",
      "integrity": "sha512-Qob5kG1yCq+fkGgTntT5paOoSqJ8lzdNuRrZ+K9Q5t/GFc6/xQhrhrGkh3zibJY6xvMfyBJ9uZko7cxnpDrfLw==",
      "dependencies": {
        "dom-walk": "~0.1.0"
      }
    },
    "node_modules/geval": {
      "version": "2.2.0",
      "resolved": "https://registry.npmjs.org/geval/-/geval-2.2.0.tgz",
      "integrity": "sha512-MxoqiT9xOwN1dMsSgO89hYa1VE3V8UomFDEWmRcdoTLmOkLcK/leobXLU7J/870D63dOSPImKgVm0tN6Nz/gmg=="
    },
    "node_modules/glob-parent": {
      "version": "5.1.2",
      "resolved": "https://registry.npmjs.org/glob-parent/-/glob-parent-5.1.2.tgz",
      "integrity": "sha512-AOIgSQCepiJYwP3ARnGx+5VnTu2HBYdzbGP45eLw1vr3zB3vZLeyed1sC9hnbcOc9/SrMyM5RPQrkGz4aS9Zow==",
      "license": "ISC",
      "dependencies": {
        "is-glob": "^4.0.1"
      },
      "engines": {
        "node": ">= 6"
      }
    },
    "node_modules/global": {
      "version": "4.4.0",
      "resolved": "https://registry.npmjs.org/global/-/global-4.4.0.tgz",
      "integrity": "sha512-wv/LAoHdRE3BeTGz53FAamhGlPLhlssK45usmGFThIi4XqnBmjKQ16u+RNbP7WvigRZDxUsM0J3gcQ5yicaL0w==",
      "license": "MIT",
      "dependencies": {
        "min-document": "^2.19.0",
        "process": "^0.11.10"
      }
    },
    "node_modules/http-hash": {
      "version": "1.1.1",
      "resolved": "https://registry.npmjs.org/http-hash/-/http-hash-1.1.1.tgz",
      "integrity": "sha512-FBLoAAmcLXvCi9FAcED/4zjOaGTMZhJ8X7ccfxhI1URL+n/xXk38kf9INkwobIV+cYidftCGPC04FgNqhTCD5Q=="
    },
    "node_modules/http-hash-router": {
      "version": "1.1.2",
      "resolved": "https://registry.npmjs.org/http-hash-router/-/http-hash-router-1.1.2.tgz",
      "integrity": "sha512-lCinusy21KjKKv61p21GjsmdXAjBCQicScaJB50/pi0TuFmBM+TvLaf7Od9aApQ0A7iEFIgTC71aAHBmS1nmtg==",
      "license": "MIT",
      "dependencies": {
        "error": "^5.0.0",
        "http-hash": "^1.0.2",
        "http-methods": "^1.0.0",
        "xtend": "^4.0.0"
      }
    },
    "node_modules/http-methods": {
      "version": "1.1.0",
      "resolved": "https://registry.npmjs.org/http-methods/-/http-methods-1.1.0.tgz",
      "integrity": "sha512-tKA79z5q5Q2G9g9pgQ8RRDwiG+Wi0WxCg1LleRggefxpy72bZ48y4ZfUyX0UPlGmruxT1a1Tk6echCmSiZNVZQ==",
      "dependencies": {
        "body": "~0.1.0",
        "content-types": "~0.1.0"
      }
    },
    "node_modules/individual": {
      "version": "2.0.0",
      "resolved": "https://registry.npmjs.org/individual/-/individual-2.0.0.tgz",
      "integrity": "sha512-pWt8hBCqJsUWI/HtcfWod7+N9SgAqyPEaF7JQjwzjn5vGrpg6aQ5qeAFQ7dx//UH4J1O+7xqew+gCeeFt6xN/g=="
    },
    "node_modules/inherits": {
      "version": "2.0.4",
      "resolved": "https://registry.npmjs.org/inherits/-/inherits-2.0.4.tgz",
      "integrity": "sha512-k/vGaX4/Yla3WzyMCvTQOXYeIHvqOKtnqBduzTHpzpQZzAskKMhZ2K+EnBiSM9zGSoIFeMpXKxa4dYeZIQqewQ==",
      "license": "ISC"
    },
    "node_modules/is-error": {
      "version": "2.2.2",
      "resolved": "https://registry.npmjs.org/is-error/-/is-error-2.2.2.tgz",
      "integrity": "sha512-IOQqts/aHWbiisY5DuPJQ0gcbvaLFCa7fBa9xoLfxBZvQ+ZI/Zh9xoI7Gk+G64N0FdK4AbibytHht2tWgpJWLg==",
      "license": "MIT"
    },
    "node_modules/is-extglob": {
      "version": "2.1.1",
      "resolved": "https://registry.npmjs.org/is-extglob/-/is-extglob-2.1.1.tgz",
      "integrity": "sha512-SbKbANkN603Vi4jEZv49LeVJMn4yGwsbzZworEoyEiutsN3nJYdbO36zfhGJ6QEDpOZIFkDtnq5JRxmvl3jsoQ==",
      "license": "MIT",
      "engines": {
        "node": ">=0.10.0"
      }
    },
    "node_modules/is-glob": {
      "version": "4.0.3",
      "resolved": "https://registry.npmjs.org/is-glob/-/is-glob-4.0.3.tgz",
      "integrity": "sha512-xelSayHH36ZgE7ZWhli7pW34hNbNl8Ojv5KVmkJD4hBdD3th8Tfk9vYasLM+mXWOZhFkgZfxhLSnrwRr4elSSg==",
      "license": "MIT",
      "dependencies": {
        "is-extglob": "^2.1.1"
      },
      "engines": {
        "node": ">=0.10.0"
      }
    },
    "node_modules/is-number": {
      "version": "7.0.0",
      "resolved": "https://registry.npmjs.org/is-number/-/is-number-7.0.0.tgz",
      "integrity": "sha512-41Cifkg6e8TylSpdtTpeLVMqvSBEVzTttHvERD741+pnZ8ANv0004MRL43QKPDlK9cGvNp6NZWZUBlbGXYxxng==",
      "license": "MIT",
      "engines": {
        "node": ">=0.12.0"
      }
    },
    "node_modules/is-object": {
      "version": "1.0.2",
      "resolved": "https://registry.npmjs.org/is-object/-/is-object-1.0.2.tgz",
      "integrity": "sha512-2rRIahhZr2UWb45fIOuvZGpFtz0TyOZLf32KxBbSoUCeZR495zCKlWUKKUByk3geS2eAs7ZAABt0Y/Rx0GiQGA==",
      "license": "MIT",
      "funding": {
        "url": "https://github.com/sponsors/ljharb"
      }
    },
    "node_modules/iterators": {
      "version": "0.1.0",
      "resolved": "https://registry.npmjs.org/iterators/-/iterators-0.1.0.tgz",
      "integrity": "sha512-GpkD3ywc6Fku41TwHQwWXB4rqWFN65uMHwi5ubi4v+bInvn7K/U3oAhJgQ6G+2usl0/UBaVfYnjB2HB2uulSCA==",
      "dependencies": {
        "ap": "~0.1.0"
      }
    },
    "node_modules/lua-format": {
      "version": "1.5.3-c",
      "resolved": "https://registry.npmjs.org/lua-format/-/lua-format-1.5.3-c.tgz",
      "integrity": "sha512-FwU7tKfG0wjxaGRytPoXXtGHM6/9Xs2wrZNRt1ap1n8+WO5HV5StEjW18T8ABdSIB4nkBfvPBiL/fUSsDB+sJw==",
      "license": "ISC"
    },
    "node_modules/luaparse": {
      "version": "0.3.1",
      "resolved": "https://registry.npmjs.org/luaparse/-/luaparse-0.3.1.tgz",
      "integrity": "sha512-b21h2bFEbtGXmVqguHogbyrMAA0wOHyp9u/rx+w6Yc9pW1t9YjhGUsp87lYcp7pFRqSWN/PhFkrdIqKEUzRjjQ==",
      "license": "MIT",
      "bin": {
        "luaparse": "bin/luaparse"
      }
    },
    "node_modules/luon": {
      "version": "1.2.11",
      "resolved": "https://registry.npmjs.org/luon/-/luon-1.2.11.tgz",
      "integrity": "sha512-Atj25ru4TyilClynP8SW6GQhsj8lYOzeejjiURwyXfL0qyR9SzJRpjWONKtas/+7IsaarzvoAtPFfvRR9YI+xQ==",
      "license": "MIT",
      "dependencies": {
        "lustils": ">= 1.0.2"
      },
      "engines": {
        "node": ">= 6.0.0",
        "npm": ">= 3.0.0"
      }
    },
    "node_modules/lustils": {
      "version": "1.0.3",
      "resolved": "https://registry.npmjs.org/lustils/-/lustils-1.0.3.tgz",
      "integrity": "sha512-C21ADX5mtiI+lsJ14aTTpYViknMuWej08G8CW48tD3x3dC4d3JtyyQmY+J12257OtXeBF7sT6LPb6SKsAunJRQ==",
      "license": "MIT",
      "engines": {
        "node": ">= 6.0.0",
        "npm": ">= 3.0.0"
      }
    },
    "node_modules/main-loop": {
      "version": "3.4.0",
      "resolved": "https://registry.npmjs.org/main-loop/-/main-loop-3.4.0.tgz",
      "integrity": "sha512-5EBuVe5Akul2I1Hf+BQFTI2YYq0UBUv4y2q6w8gvWR1ActuW07NY9iPRGxMYEeqIhUCFzoivT/5IQ+o0/GJjQQ==",
      "dependencies": {
        "error": "^4.1.1",
        "raf": "^2.0.1"
      }
    },
    "node_modules/main-loop/node_modules/error": {
      "version": "4.4.0",
      "resolved": "https://registry.npmjs.org/error/-/error-4.4.0.tgz",
      "integrity": "sha512-SNDKualLUtT4StGFP7xNfuFybL2f6iJujFtrWuvJqGbVQGaN+adE23veqzPz1hjUjTunLi2EnJ+0SJxtbJreKw==",
      "dependencies": {
        "camelize": "^1.0.0",
        "string-template": "~0.2.0",
        "xtend": "~4.0.0"
      }
    },
    "node_modules/mercury": {
      "version": "14.2.0",
      "resolved": "https://registry.npmjs.org/mercury/-/mercury-14.2.0.tgz",
      "integrity": "sha512-zL8MgXl7pWVciG13CpHj7CWrX8id96FCHTcF/bmkm+Cqhjo5J3UEmkD8W+FND/IjeFHcutPuqfsJEa9dLUaIgA==",
      "dependencies": {
        "dom-delegator": "^13.0.1",
        "geval": "^2.1.1",
        "http-hash-router": "~1.1.0",
        "main-loop": "^3.1.0",
        "observ": "^0.2.0",
        "observ-array": "^3.1.0",
        "observ-struct": "^5.0.1",
        "observ-varhash": "^1.0.2",
        "value-event": "^5.0.0",
        "vdom-thunk": "^3.0.0",
        "virtual-dom": "^2.1.1",
        "xtend": "^4.0.0"
      }
    },
    "node_modules/merge2": {
      "version": "1.4.1",
      "resolved": "https://registry.npmjs.org/merge2/-/merge2-1.4.1.tgz",
      "integrity": "sha512-8q7VEgMJW4J8tcfVPy8g09NcQwZdbwFEqhe/WZkoIzjn/3TGDwtOCYtXGxA3O8tPzpczCCDgv+P2P5y00ZJOOg==",
      "license": "MIT",
      "engines": {
        "node": ">= 8"
      }
    },
    "node_modules/micromatch": {
      "version": "4.0.8",
      "resolved": "https://registry.npmjs.org/micromatch/-/micromatch-4.0.8.tgz",
      "integrity": "sha512-PXwfBhYu0hBCPw8Dn0E+WDYb7af3dSLVWKi3HGv84IdF4TyFoC0ysxFd0Goxw7nSv4T/PzEJQxsYsEiFCKo2BA==",
      "license": "MIT",
      "dependencies": {
        "braces": "^3.0.3",
        "picomatch": "^2.3.1"
      },
      "engines": {
        "node": ">=8.6"
      }
    },
    "node_modules/min-document": {
      "version": "2.19.0",
      "resolved": "https://registry.npmjs.org/min-document/-/min-document-2.19.0.tgz",
      "integrity": "sha512-9Wy1B3m3f66bPPmU5hdA4DR4PB2OfDU/+GS3yAB7IQozE3tqXaVv2zOjgla7MEGSRv95+ILmOuvhLkOK6wJtCQ==",
      "dependencies": {
        "dom-walk": "^0.1.0"
      }
    },
    "node_modules/next-tick": {
      "version": "0.2.2",
      "resolved": "https://registry.npmjs.org/next-tick/-/next-tick-0.2.2.tgz",
      "integrity": "sha512-f7h4svPtl+QidoBv4taKXUjJ70G2asaZ8G28nS0OkqaalX8dwwrtWtyxEDPK62AC00ur/+/E0pUwBwY5EPn15Q==",
      "license": "MIT"
    },
    "node_modules/node-fingerprint": {
      "version": "0.0.2",
      "resolved": "https://registry.npmjs.org/node-fingerprint/-/node-fingerprint-0.0.2.tgz",
      "integrity": "sha512-vPFfTD5EBJieQ4SI3v61fWxlV1kav3m9Dbejd6CjWhOJn8s+XMxpOOosCNAyIrUQ/jJOlPndfrZ0lSw4+RgwcA==",
      "license": "MIT"
    },
    "node_modules/observ": {
      "version": "0.2.0",
      "resolved": "https://registry.npmjs.org/observ/-/observ-0.2.0.tgz",
      "integrity": "sha512-7SKbYTiFXMvqbeinO/GwTGtXSvbRq5AHKszmq5cx3fV7bKEjNCK7AdkhGzsuQAoT+IPf3mlxDmPrVW8wgshpcQ=="
    },
    "node_modules/observ-array": {
      "version": "3.2.1",
      "resolved": "https://registry.npmjs.org/observ-array/-/observ-array-3.2.1.tgz",
      "integrity": "sha512-Pm/y8Aj+fuBg5izKk8RQWQfwPSb2eZpK+tdmukaVm5xVbzU0Cw89NKjONKlo0qlJ0nIHQ4Jjenj47hHA1b8cbQ==",
      "dependencies": {
        "adiff": "^0.2.12",
        "observ": "~0.2.0",
        "xtend": "^3.0.0"
      }
    },
    "node_modules/observ-array/node_modules/xtend": {
      "version": "3.0.0",
      "resolved": "https://registry.npmjs.org/xtend/-/xtend-3.0.0.tgz",
      "integrity": "sha512-sp/sT9OALMjRW1fKDlPeuSZlDQpkqReA0pyJukniWbTGoEKefHxhGJynE3PNhUMlcM8qWIjPwecwCw4LArS5Eg==",
      "engines": {
        "node": ">=0.4"
      }
    },
    "node_modules/observ-struct": {
      "version": "5.0.1",
      "resolved": "https://registry.npmjs.org/observ-struct/-/observ-struct-5.0.1.tgz",
      "integrity": "sha512-OLdSCQiVQMHPs5V368sRn0qIHRp0NOBLumqMw97/aQdRWoI4Jc6epd+3TrZN6614JWyfKQqsv+9q1KlgqKFoEQ==",
      "dependencies": {
        "observ": "~0.2.0",
        "xtend": "^3.0.0"
      }
    },
    "node_modules/observ-struct/node_modules/xtend": {
      "version": "3.0.0",
      "resolved": "https://registry.npmjs.org/xtend/-/xtend-3.0.0.tgz",
      "integrity": "sha512-sp/sT9OALMjRW1fKDlPeuSZlDQpkqReA0pyJukniWbTGoEKefHxhGJynE3PNhUMlcM8qWIjPwecwCw4LArS5Eg==",
      "engines": {
        "node": ">=0.4"
      }
    },
    "node_modules/observ-varhash": {
      "version": "1.0.8",
      "resolved": "https://registry.npmjs.org/observ-varhash/-/observ-varhash-1.0.8.tgz",
      "integrity": "sha512-Y+A34bf+bR4v8pADwTHwxWc5lL4xXBOIcxvq9xh0ZcW70UxVUXWa3KboihkJ7TVaTwXf2M7RkulCfhJg1qVZwA==",
      "dependencies": {
        "observ": "~0.2.0",
        "xtend": "~3.0.0"
      }
    },
    "node_modules/observ-varhash/node_modules/xtend": {
      "version": "3.0.0",
      "resolved": "https://registry.npmjs.org/xtend/-/xtend-3.0.0.tgz",
      "integrity": "sha512-sp/sT9OALMjRW1fKDlPeuSZlDQpkqReA0pyJukniWbTGoEKefHxhGJynE3PNhUMlcM8qWIjPwecwCw4LArS5Eg==",
      "engines": {
        "node": ">=0.4"
      }
    },
    "node_modules/performance-now": {
      "version": "0.1.4",
      "resolved": "https://registry.npmjs.org/performance-now/-/performance-now-0.1.4.tgz",
      "integrity": "sha512-iaeVTVGLcGTsN9WVFTV9YZH6gYD+SurpzHdDxeqRxqkK3IgfQiexetIjlkNSUIeV9HljjwT07jv0fAxsDuGSHg==",
      "license": "MIT"
    },
    "node_modules/picomatch": {
      "version": "2.3.1",
      "resolved": "https://registry.npmjs.org/picomatch/-/picomatch-2.3.1.tgz",
      "integrity": "sha512-JU3teHTNjmE2VCGFzuY8EXzCDVwEqB2a8fsIvwaStHhAWJEeVd1o1QD80CU6+ZdEXXSLbSsuLwJjkCBWqRQUVA==",
      "license": "MIT",
      "engines": {
        "node": ">=8.6"
      },
      "funding": {
        "url": "https://github.com/sponsors/jonschlinkert"
      }
    },
    "node_modules/process": {
      "version": "0.11.10",
      "resolved": "https://registry.npmjs.org/process/-/process-0.11.10.tgz",
      "integrity": "sha512-cdGef/drWFoydD1JsMzuFf8100nZl+GT+yacc2bEced5f9Rjk4z+WtFUTBu9PhOi9j/jfmBPu0mMEY4wIdAF8A==",
      "license": "MIT",
      "engines": {
        "node": ">= 0.6.0"
      }
    },
    "node_modules/queue-microtask": {
      "version": "1.2.3",
      "resolved": "https://registry.npmjs.org/queue-microtask/-/queue-microtask-1.2.3.tgz",
      "integrity": "sha512-NuaNSa6flKT5JaSYQzJok04JzTL1CA6aGhv5rfLW3PgqA+M2ChpZQnAC8h8i4ZFkBS8X5RqkDBHA7r4hej3K9A==",
      "funding": [
        {
          "type": "github",
          "url": "https://github.com/sponsors/feross"
        },
        {
          "type": "patreon",
          "url": "https://www.patreon.com/feross"
        },
        {
          "type": "consulting",
          "url": "https://feross.org/support"
        }
      ],
      "license": "MIT"
    },
    "node_modules/raf": {
      "version": "2.0.4",
      "resolved": "https://registry.npmjs.org/raf/-/raf-2.0.4.tgz",
      "integrity": "sha512-/1MFu3i+bZeLZDRNKe+BC1d4elEHqM+ksh64WcW/5KCvxntnV6A4h6vLH3ebFKk/l8JxmHnGjOBhDq+5Jm0WnA==",
      "license": "MIT",
      "dependencies": {
        "performance-now": "~0.1.3"
      }
    },
    "node_modules/reusify": {
      "version": "1.1.0",
      "resolved": "https://registry.npmjs.org/reusify/-/reusify-1.1.0.tgz",
      "integrity": "sha512-g6QUff04oZpHs0eG5p83rFLhHeV00ug/Yf9nZM6fLeUrPguBTkTQOdpAWWspMh55TZfVQDPaN3NQJfbVRAxdIw==",
      "license": "MIT",
      "engines": {
        "iojs": ">=1.0.0",
        "node": ">=0.10.0"
      }
    },
    "node_modules/run-parallel": {
      "version": "1.2.0",
      "resolved": "https://registry.npmjs.org/run-parallel/-/run-parallel-1.2.0.tgz",
      "integrity": "sha512-5l4VyZR86LZ/lDxZTR6jqL8AFE2S0IFLMP26AbjsLVADxHdhB/c0GUsH+y39UfCi3dzz8OlQuPmnaJOMoDHQBA==",
      "funding": [
        {
          "type": "github",
          "url": "https://github.com/sponsors/feross"
        },
        {
          "type": "patreon",
          "url": "https://www.patreon.com/feross"
        },
        {
          "type": "consulting",
          "url": "https://feross.org/support"
        }
      ],
      "license": "MIT",
      "dependencies": {
        "queue-microtask": "^1.2.2"
      }
    },
    "node_modules/string-template": {
      "version": "0.2.1",
      "resolved": "https://registry.npmjs.org/string-template/-/string-template-0.2.1.tgz",
      "integrity": "sha512-Yptehjogou2xm4UJbxJ4CxgZx12HBfeystp0y3x7s4Dj32ltVVG1Gg8YhKjHZkHicuKpZX/ffilA8505VbUbpw=="
    },
    "node_modules/to-regex-range": {
      "version": "5.0.1",
      "resolved": "https://registry.npmjs.org/to-regex-range/-/to-regex-range-5.0.1.tgz",
      "integrity": "sha512-65P7iz6X5yEr1cwcgvQxbbIw7Uk3gOy5dIdtZ4rDveLqhrdJP+Li/Hx6tyK0NEb+2GCyneCMJiGqrADCSNk8sQ==",
      "license": "MIT",
      "dependencies": {
        "is-number": "^7.0.0"
      },
      "engines": {
        "node": ">=8.0"
      }
    },
    "node_modules/value-event": {
      "version": "5.1.1",
      "resolved": "https://registry.npmjs.org/value-event/-/value-event-5.1.1.tgz",
      "integrity": "sha512-2J11d5u/jusATp0uUnFA7/+a3CYxSVvfjwdkkcbBIkC2cQ5c4NDJr+V8AgMfJDOB6zxdRZtCgGg8CpoVvdFpvA==",
      "dependencies": {
        "dom-delegator": "^13.0.1",
        "dom-walk": "^0.1.0",
        "form-data-set": "^2.0.0",
        "global": "^4.2.1",
        "xtend": "^2.2.0"
      }
    },
    "node_modules/value-event/node_modules/xtend": {
      "version": "2.2.0",
      "resolved": "https://registry.npmjs.org/xtend/-/xtend-2.2.0.tgz",
      "integrity": "sha512-SLt5uylT+4aoXxXuwtQp5ZnMMzhDb1Xkg4pEqc00WUJCQifPfV9Ub1VrNhp9kXkrjZD2I2Hl8WnjP37jzZLPZw==",
      "engines": {
        "node": ">=0.4"
      }
    },
    "node_modules/vdom-thunk": {
      "version": "3.0.0",
      "resolved": "https://registry.npmjs.org/vdom-thunk/-/vdom-thunk-3.0.0.tgz",
      "integrity": "sha512-F/uTwTegWL8GoY4AxfykUu1qfd88dZ9HdXIHi6JnFMqxERBNxpUKOLurlLFfiPGnFPOY8y8chjnMNjbufYHpNg=="
    },
    "node_modules/virtual-dom": {
      "version": "2.1.1",
      "resolved": "https://registry.npmjs.org/virtual-dom/-/virtual-dom-2.1.1.tgz",
      "integrity": "sha512-wb6Qc9Lbqug0kRqo/iuApfBpJJAq14Sk1faAnSmtqXiwahg7PVTvWMs9L02Z8nNIMqbwsxzBAA90bbtRLbw0zg==",
      "license": "MIT",
      "dependencies": {
        "browser-split": "0.0.1",
        "error": "^4.3.0",
        "ev-store": "^7.0.0",
        "global": "^4.3.0",
        "is-object": "^1.0.1",
        "next-tick": "^0.2.2",
        "x-is-array": "0.1.0",
        "x-is-string": "0.1.0"
      }
    },
    "node_modules/virtual-dom/node_modules/error": {
      "version": "4.4.0",
      "resolved": "https://registry.npmjs.org/error/-/error-4.4.0.tgz",
      "integrity": "sha512-SNDKualLUtT4StGFP7xNfuFybL2f6iJujFtrWuvJqGbVQGaN+adE23veqzPz1hjUjTunLi2EnJ+0SJxtbJreKw==",
      "dependencies": {
        "camelize": "^1.0.0",
        "string-template": "~0.2.0",
        "xtend": "~4.0.0"
      }
    },
    "node_modules/weakmap-shim": {
      "version": "1.1.1",
      "resolved": "https://registry.npmjs.org/weakmap-shim/-/weakmap-shim-1.1.1.tgz",
      "integrity": "sha512-/wNyG+1FpiHhnfQo+TuA/XAUpvOOkKVl0A4qpT+oGcj5SlZCLmM+M1Py/3Sj8sy+YrEauCVITOxCsZKo6sPbQg=="
    },
    "node_modules/x-is-array": {
      "version": "0.1.0",
      "resolved": "https://registry.npmjs.org/x-is-array/-/x-is-array-0.1.0.tgz",
      "integrity": "sha512-goHPif61oNrr0jJgsXRfc8oqtYzvfiMJpTqwE7Z4y9uH+T3UozkGqQ4d2nX9mB9khvA8U2o/UbPOFjgC7hLWIA=="
    },
    "node_modules/x-is-string": {
      "version": "0.1.0",
      "resolved": "https://registry.npmjs.org/x-is-string/-/x-is-string-0.1.0.tgz",
      "integrity": "sha512-GojqklwG8gpzOVEVki5KudKNoq7MbbjYZCbyWzEz7tyPA7eleiE0+ePwOWQQRb5fm86rD3S8Tc0tSFf3AOv50w=="
    },
    "node_modules/xtend": {
      "version": "4.0.2",
      "resolved": "https://registry.npmjs.org/xtend/-/xtend-4.0.2.tgz",
      "integrity": "sha512-LKYU1iAXJXUgAXn9URjiu+MWhyUXHsvfp7mcuYm9dSUKK0/CjtrUwFAxD82/mCWbtLsGjFIad0wIsod4zrTAEQ==",
      "license": "MIT",
      "engines": {
        "node": ">=0.4"
      }
    },
    "node_modules/zod": {
      "version": "4.1.12",
      "resolved": "https://registry.npmjs.org/zod/-/zod-4.1.12.tgz",
      "integrity": "sha512-JInaHOamG8pt5+Ey8kGmdcAcg3OL9reK8ltczgHTAwNhMys/6ThXHityHxVV2p3fkw/c+MAvBHFVYHFZDmjMCQ==",
      "license": "MIT",
      "funding": {
        "url": "https://github.com/sponsors/colinhacks"
      }
    }
  }
}
